
Microsoft Visual Studio Solution File, Format Version 12.00
# Visual Studio Version 17
VisualStudioVersion = 17.14.36203.30 d17.14
MinimumVisualStudioVersion = 10.0.40219.1
Project("{FAE04EC0-301F-11D3-BF4B-00C04F79EFBC}") = "TaskDeskErro", "TaskDeskErro\TaskDeskErro.csproj", "{36529B34-BE21-457B-A91D-45DF98F822CA}"
EndProject
Global
	GlobalSection(SolutionConfigurationPlatforms) = preSolution
		Debug|Any CPU = Debug|Any CPU
		Release|Any CPU = Release|Any CPU
	EndGlobalSection
	GlobalSection(ProjectConfigurationPlatforms) = postSolution
		{36529B34-BE21-457B-A91D-45DF98F822CA}.Debug|Any CPU.ActiveCfg = Debug|Any CPU
		{36529B34-BE21-457B-A91D-45DF98F822CA}.Debug|Any CPU.Build.0 = Debug|Any CPU
		{36529B34-BE21-457B-A91D-45DF98F822CA}.Release|Any CPU.ActiveCfg = Release|Any CPU
		{36529B34-BE21-457B-A91D-45DF98F822CA}.Release|Any CPU.Build.0 = Release|Any CPU
	EndGlobalSection
	GlobalSection(SolutionProperties) = preSolution
		HideSolutionNode = FALSE
	EndGlobalSection
	GlobalSection(ExtensibilityGlobals) = postSolution
		SolutionGuid = {AD5BE341-3743-439E-856C-0FCBE45590A1}
	EndGlobalSection
EndGlobal
