
Microsoft Visual Studio Solution File, Format Version 12.00
# Visual Studio Version 17
VisualStudioVersion = 17.14.36203.30 d17.14
MinimumVisualStudioVersion = 10.0.40219.1
Project("{FAE04EC0-301F-11D3-BF4B-00C04F79EFBC}") = "ClienteApi", "ClienteApi.csproj", "{A57C5ACF-F75F-4184-BD98-946644F9CD74}"
EndProject
Global
	GlobalSection(SolutionConfigurationPlatforms) = preSolution
		Debug|Any CPU = Debug|Any CPU
		Release|Any CPU = Release|Any CPU
	EndGlobalSection
	GlobalSection(ProjectConfigurationPlatforms) = postSolution
		{A57C5ACF-F75F-4184-BD98-946644F9CD74}.Debug|Any CPU.ActiveCfg = Debug|Any CPU
		{A57C5ACF-F75F-4184-BD98-946644F9CD74}.Debug|Any CPU.Build.0 = Debug|Any CPU
		{A57C5ACF-F75F-4184-BD98-946644F9CD74}.Release|Any CPU.ActiveCfg = Release|Any CPU
		{A57C5ACF-F75F-4184-BD98-946644F9CD74}.Release|Any CPU.Build.0 = Release|Any CPU
	EndGlobalSection
	GlobalSection(SolutionProperties) = preSolution
		HideSolutionNode = FALSE
	EndGlobalSection
	GlobalSection(ExtensibilityGlobals) = postSolution
		SolutionGuid = {1BF65925-1B35-4C02-861B-A0DC0D5943E4}
	EndGlobalSection
EndGlobal
