
Microsoft Visual Studio Solution File, Format Version 12.00
# Visual Studio Version 17
VisualStudioVersion = 17.14.36203.30 d17.14
MinimumVisualStudioVersion = 10.0.40219.1
Project("{FAE04EC0-301F-11D3-BF4B-00C04F79EFBC}") = "ApiUsuario", "ApiUsuario.csproj", "{0A373BF2-F653-478C-BE4D-DF2ACE0A4428}"
EndProject
Global
	GlobalSection(SolutionConfigurationPlatforms) = preSolution
		Debug|Any CPU = Debug|Any CPU
		Release|Any CPU = Release|Any CPU
	EndGlobalSection
	GlobalSection(ProjectConfigurationPlatforms) = postSolution
		{0A373BF2-F653-478C-BE4D-DF2ACE0A4428}.Debug|Any CPU.ActiveCfg = Debug|Any CPU
		{0A373BF2-F653-478C-BE4D-DF2ACE0A4428}.Debug|Any CPU.Build.0 = Debug|Any CPU
		{0A373BF2-F653-478C-BE4D-DF2ACE0A4428}.Release|Any CPU.ActiveCfg = Release|Any CPU
		{0A373BF2-F653-478C-BE4D-DF2ACE0A4428}.Release|Any CPU.Build.0 = Release|Any CPU
	EndGlobalSection
	GlobalSection(SolutionProperties) = preSolution
		HideSolutionNode = FALSE
	EndGlobalSection
	GlobalSection(ExtensibilityGlobals) = postSolution
		SolutionGuid = {B14CE0B0-E6C0-43F2-A52A-13A1FD41E2E9}
	EndGlobalSection
EndGlobal
